
Microsoft Visual Studio Solution File, Format Version 12.00
# Visual Studio 14
VisualStudioVersion = 14.0.23107.0
MinimumVisualStudioVersion = 10.0.40219.1
Project("{FAE04EC0-301F-11D3-BF4B-00C04F79EFBC}") = "HelloWorld", "ConsoleApplication1\HelloWorld.csproj", "{8EE85D69-C26E-4C94-8611-5EDE3BD0C1BE}"
EndProject
Project("{2150E333-8FDC-42A3-9474-1A3956D46DE8}") = "examples", "examples", "{E7F535C8-5F62-4FE7-99DC-FA7CC8607E34}"
EndProject
Project("{FAE04EC0-301F-11D3-BF4B-00C04F79EFBC}") = "Rectangle", "ConsoleApplication2\Rectangle.csproj", "{37390251-2EEE-438E-81DD-6B701EFF7964}"
EndProject
Project("{FAE04EC0-301F-11D3-BF4B-00C04F79EFBC}") = "HelloWPFApp", "WpfApplication1\HelloWPFApp.csproj", "{086791AB-380C-474C-B8FA-1300C1ECF868}"
EndProject
Project("{FAE04EC0-301F-11D3-BF4B-00C04F79EFBC}") = "Person", "Person\Person.csproj", "{FA8135B8-902D-4587-A15A-84BF9449B942}"
EndProject
Project("{FAE04EC0-301F-11D3-BF4B-00C04F79EFBC}") = "NullableAtShow", "NullableAtShow\NullableAtShow.csproj", "{EB1C904A-DDED-41B7-9FDC-AAE487EEFC6E}"
EndProject
Project("{FAE04EC0-301F-11D3-BF4B-00C04F79EFBC}") = "StringApplication", "StringApplication\StringApplication.csproj", "{DAA07C8E-5562-46B4-A588-BC2B34025F4E}"
EndProject
Global
	GlobalSection(SolutionConfigurationPlatforms) = preSolution
		Debug|Any CPU = Debug|Any CPU
		Release|Any CPU = Release|Any CPU
	EndGlobalSection
	GlobalSection(ProjectConfigurationPlatforms) = postSolution
		{8EE85D69-C26E-4C94-8611-5EDE3BD0C1BE}.Debug|Any CPU.ActiveCfg = Debug|Any CPU
		{8EE85D69-C26E-4C94-8611-5EDE3BD0C1BE}.Debug|Any CPU.Build.0 = Debug|Any CPU
		{8EE85D69-C26E-4C94-8611-5EDE3BD0C1BE}.Release|Any CPU.ActiveCfg = Release|Any CPU
		{8EE85D69-C26E-4C94-8611-5EDE3BD0C1BE}.Release|Any CPU.Build.0 = Release|Any CPU
		{37390251-2EEE-438E-81DD-6B701EFF7964}.Debug|Any CPU.ActiveCfg = Debug|Any CPU
		{37390251-2EEE-438E-81DD-6B701EFF7964}.Debug|Any CPU.Build.0 = Debug|Any CPU
		{37390251-2EEE-438E-81DD-6B701EFF7964}.Release|Any CPU.ActiveCfg = Release|Any CPU
		{37390251-2EEE-438E-81DD-6B701EFF7964}.Release|Any CPU.Build.0 = Release|Any CPU
		{086791AB-380C-474C-B8FA-1300C1ECF868}.Debug|Any CPU.ActiveCfg = Debug|Any CPU
		{086791AB-380C-474C-B8FA-1300C1ECF868}.Debug|Any CPU.Build.0 = Debug|Any CPU
		{086791AB-380C-474C-B8FA-1300C1ECF868}.Release|Any CPU.ActiveCfg = Release|Any CPU
		{086791AB-380C-474C-B8FA-1300C1ECF868}.Release|Any CPU.Build.0 = Release|Any CPU
		{FA8135B8-902D-4587-A15A-84BF9449B942}.Debug|Any CPU.ActiveCfg = Debug|Any CPU
		{FA8135B8-902D-4587-A15A-84BF9449B942}.Debug|Any CPU.Build.0 = Debug|Any CPU
		{FA8135B8-902D-4587-A15A-84BF9449B942}.Release|Any CPU.ActiveCfg = Release|Any CPU
		{FA8135B8-902D-4587-A15A-84BF9449B942}.Release|Any CPU.Build.0 = Release|Any CPU
		{EB1C904A-DDED-41B7-9FDC-AAE487EEFC6E}.Debug|Any CPU.ActiveCfg = Debug|Any CPU
		{EB1C904A-DDED-41B7-9FDC-AAE487EEFC6E}.Debug|Any CPU.Build.0 = Debug|Any CPU
		{EB1C904A-DDED-41B7-9FDC-AAE487EEFC6E}.Release|Any CPU.ActiveCfg = Release|Any CPU
		{EB1C904A-DDED-41B7-9FDC-AAE487EEFC6E}.Release|Any CPU.Build.0 = Release|Any CPU
		{DAA07C8E-5562-46B4-A588-BC2B34025F4E}.Debug|Any CPU.ActiveCfg = Debug|Any CPU
		{DAA07C8E-5562-46B4-A588-BC2B34025F4E}.Debug|Any CPU.Build.0 = Debug|Any CPU
		{DAA07C8E-5562-46B4-A588-BC2B34025F4E}.Release|Any CPU.ActiveCfg = Release|Any CPU
		{DAA07C8E-5562-46B4-A588-BC2B34025F4E}.Release|Any CPU.Build.0 = Release|Any CPU
	EndGlobalSection
	GlobalSection(SolutionProperties) = preSolution
		HideSolutionNode = FALSE
	EndGlobalSection
	GlobalSection(NestedProjects) = preSolution
		{8EE85D69-C26E-4C94-8611-5EDE3BD0C1BE} = {E7F535C8-5F62-4FE7-99DC-FA7CC8607E34}
		{37390251-2EEE-438E-81DD-6B701EFF7964} = {E7F535C8-5F62-4FE7-99DC-FA7CC8607E34}
		{FA8135B8-902D-4587-A15A-84BF9449B942} = {E7F535C8-5F62-4FE7-99DC-FA7CC8607E34}
		{EB1C904A-DDED-41B7-9FDC-AAE487EEFC6E} = {E7F535C8-5F62-4FE7-99DC-FA7CC8607E34}
		{DAA07C8E-5562-46B4-A588-BC2B34025F4E} = {E7F535C8-5F62-4FE7-99DC-FA7CC8607E34}
	EndGlobalSection
EndGlobal
